
Microsoft Visual Studio Solution File, Format Version 12.00
# Visual Studio 2017
Project("{FAE04EC0-301F-11D3-BF4B-00C04F79EFBC}") = "helloworld-serverless-api", "helloworld-serverless-api.csproj", "{EAFBEE54-2EFD-4E8F-91DF-E2E26FE8B8A0}"
EndProject
Global
	GlobalSection(SolutionConfigurationPlatforms) = preSolution
		Debug|Any CPU = Debug|Any CPU
		Release|Any CPU = Release|Any CPU
	EndGlobalSection
	GlobalSection(ProjectConfigurationPlatforms) = postSolution
		{EAFBEE54-2EFD-4E8F-91DF-E2E26FE8B8A0}.Debug|Any CPU.ActiveCfg = Debug|Any CPU
		{EAFBEE54-2EFD-4E8F-91DF-E2E26FE8B8A0}.Debug|Any CPU.Build.0 = Debug|Any CPU
		{EAFBEE54-2EFD-4E8F-91DF-E2E26FE8B8A0}.Release|Any CPU.ActiveCfg = Release|Any CPU
		{EAFBEE54-2EFD-4E8F-91DF-E2E26FE8B8A0}.Release|Any CPU.Build.0 = Release|Any CPU
	EndGlobalSection
EndGlobal
